github.com/alevinval/sse v1.0.1 h1:cFubh2lMNdHT6niFLCsyTuhAgljaAWbdmceAe6qPIfo=
github.com/alevinval/sse v1.0.1/go.mod h1:Bvl1EawUlmW1y1vSU5uDl03+1Zsqqz/+6D2PAUvftcw=
github.com/bgentry/go-netrc v0.0.0-20140422174119-9fd32a8b3d3d h1:xDfNPAt8lFiC1UJrqV3uuy861HCTo708pDMbjHHdCas=
github.com/bgentry/go-netrc v0.0.0-20140422174119-9fd32a8b3d3d/go.mod h1:6QX/PXZ00z/TKoufEY6K/a0k6AhaJrQKdFe6OfVXsa4=
